
Microsoft Visual Studio Solution File, Format Version 12.00
# Visual Studio 15
VisualStudioVersion = 15.0.28307.489
MinimumVisualStudioVersion = 10.0.40219.1
Project("{FAE04EC0-301F-11D3-BF4B-00C04F79EFBC}") = "WindowsFormsApp1", "WindowsFormsApp1\WindowsFormsApp1.csproj", "{E8356AB4-5E6B-48BB-BB14-1F797151125B}"
EndProject
Project("{FAE04EC0-301F-11D3-BF4B-00C04F79EFBC}") = "WpfApp1", "WpfApp1\WpfApp1.csproj", "{3FE96CF9-8735-487C-B962-333DE15272E7}"
EndProject
Project("{FAE04EC0-301F-11D3-BF4B-00C04F79EFBC}") = "WebApplication1", "WebApplication1\WebApplication1.csproj", "{2186683E-A0BC-44C7-8A7B-2F9534C3E878}"
EndProject
Project("{FAE04EC0-301F-11D3-BF4B-00C04F79EFBC}") = "ConsoleApp1", "ConsoleApp1\ConsoleApp1.csproj", "{D5454FE9-285C-4086-9DD3-168E6391398A}"
EndProject
Global
	GlobalSection(SolutionConfigurationPlatforms) = preSolution
		Debug|Any CPU = Debug|Any CPU
		Release|Any CPU = Release|Any CPU
	EndGlobalSection
	GlobalSection(ProjectConfigurationPlatforms) = postSolution
		{E8356AB4-5E6B-48BB-BB14-1F797151125B}.Debug|Any CPU.ActiveCfg = Debug|Any CPU
		{E8356AB4-5E6B-48BB-BB14-1F797151125B}.Debug|Any CPU.Build.0 = Debug|Any CPU
		{E8356AB4-5E6B-48BB-BB14-1F797151125B}.Release|Any CPU.ActiveCfg = Release|Any CPU
		{E8356AB4-5E6B-48BB-BB14-1F797151125B}.Release|Any CPU.Build.0 = Release|Any CPU
		{3FE96CF9-8735-487C-B962-333DE15272E7}.Debug|Any CPU.ActiveCfg = Debug|Any CPU
		{3FE96CF9-8735-487C-B962-333DE15272E7}.Debug|Any CPU.Build.0 = Debug|Any CPU
		{3FE96CF9-8735-487C-B962-333DE15272E7}.Release|Any CPU.ActiveCfg = Release|Any CPU
		{3FE96CF9-8735-487C-B962-333DE15272E7}.Release|Any CPU.Build.0 = Release|Any CPU
		{2186683E-A0BC-44C7-8A7B-2F9534C3E878}.Debug|Any CPU.ActiveCfg = Debug|Any CPU
		{2186683E-A0BC-44C7-8A7B-2F9534C3E878}.Debug|Any CPU.Build.0 = Debug|Any CPU
		{2186683E-A0BC-44C7-8A7B-2F9534C3E878}.Release|Any CPU.ActiveCfg = Release|Any CPU
		{2186683E-A0BC-44C7-8A7B-2F9534C3E878}.Release|Any CPU.Build.0 = Release|Any CPU
		{D5454FE9-285C-4086-9DD3-168E6391398A}.Debug|Any CPU.ActiveCfg = Debug|Any CPU
		{D5454FE9-285C-4086-9DD3-168E6391398A}.Debug|Any CPU.Build.0 = Debug|Any CPU
		{D5454FE9-285C-4086-9DD3-168E6391398A}.Release|Any CPU.ActiveCfg = Release|Any CPU
		{D5454FE9-285C-4086-9DD3-168E6391398A}.Release|Any CPU.Build.0 = Release|Any CPU
	EndGlobalSection
	GlobalSection(SolutionProperties) = preSolution
		HideSolutionNode = FALSE
	EndGlobalSection
	GlobalSection(ExtensibilityGlobals) = postSolution
		SolutionGuid = {A794AFD0-0D43-4102-8584-BB8860CA9164}
	EndGlobalSection
EndGlobal
